
Microsoft Visual Studio Solution File, Format Version 12.00
# Visual Studio Version 17
VisualStudioVersion = 17.1.32319.34
MinimumVisualStudioVersion = 10.0.40219.1
Project("{8BC9CEB8-8B4A-11D0-8D11-00A0C91BC942}") = "Zad_01", "Zad_01\Zad_01.vcxproj", "{15F4A553-6818-4EB7-8C78-D5BB926D493F}"
EndProject
Project("{8BC9CEB8-8B4A-11D0-8D11-00A0C91BC942}") = "Zad_02", "Zad_02\Zad_02.vcxproj", "{874177AC-8C53-404A-8B2D-81777F52C05C}"
EndProject
Project("{8BC9CEB8-8B4A-11D0-8D11-00A0C91BC942}") = "Zad_03", "Zad_03\Zad_03.vcxproj", "{61480A0D-7E8F-4FA0-BEC6-472BB3AC9FE6}"
EndProject
Project("{8BC9CEB8-8B4A-11D0-8D11-00A0C91BC942}") = "Zad_04", "Zad_04\Zad_04.vcxproj", "{B1DD3583-7409-4E2B-9946-BC761AB43EA4}"
EndProject
Project("{8BC9CEB8-8B4A-11D0-8D11-00A0C91BC942}") = "Zad_05", "Zad_05\Zad_05.vcxproj", "{3F3245DB-B73C-4F23-9BB7-99632FB33D0E}"
EndProject
Project("{8BC9CEB8-8B4A-11D0-8D11-00A0C91BC942}") = "Zad_06", "Zad_06\Zad_06.vcxproj", "{0D0DCCD8-724E-4152-BC1C-ECE80AAE043A}"
EndProject
Project("{8BC9CEB8-8B4A-11D0-8D11-00A0C91BC942}") = "Zad_07", "Zad_07\Zad_07.vcxproj", "{9B25F2B1-22D5-4FBD-874D-41FE1A2EAA5E}"
EndProject
Project("{8BC9CEB8-8B4A-11D0-8D11-00A0C91BC942}") = "Zad_08", "Zad_08\Zad_08.vcxproj", "{B02226DB-8E23-4E5C-BE50-097E1DBB1057}"
EndProject
Project("{8BC9CEB8-8B4A-11D0-8D11-00A0C91BC942}") = "Zad_09", "Zad_09\Zad_09.vcxproj", "{0082D2D9-9333-42D7-9900-29E8EC5F470E}"
EndProject
Global
	GlobalSection(SolutionConfigurationPlatforms) = preSolution
		Debug|x64 = Debug|x64
		Debug|x86 = Debug|x86
		Release|x64 = Release|x64
		Release|x86 = Release|x86
	EndGlobalSection
	GlobalSection(ProjectConfigurationPlatforms) = postSolution
		{15F4A553-6818-4EB7-8C78-D5BB926D493F}.Debug|x64.ActiveCfg = Debug|x64
		{15F4A553-6818-4EB7-8C78-D5BB926D493F}.Debug|x64.Build.0 = Debug|x64
		{15F4A553-6818-4EB7-8C78-D5BB926D493F}.Debug|x86.ActiveCfg = Debug|Win32
		{15F4A553-6818-4EB7-8C78-D5BB926D493F}.Debug|x86.Build.0 = Debug|Win32
		{15F4A553-6818-4EB7-8C78-D5BB926D493F}.Release|x64.ActiveCfg = Release|x64
		{15F4A553-6818-4EB7-8C78-D5BB926D493F}.Release|x64.Build.0 = Release|x64
		{15F4A553-6818-4EB7-8C78-D5BB926D493F}.Release|x86.ActiveCfg = Release|Win32
		{15F4A553-6818-4EB7-8C78-D5BB926D493F}.Release|x86.Build.0 = Release|Win32
		{874177AC-8C53-404A-8B2D-81777F52C05C}.Debug|x64.ActiveCfg = Debug|x64
		{874177AC-8C53-404A-8B2D-81777F52C05C}.Debug|x64.Build.0 = Debug|x64
		{874177AC-8C53-404A-8B2D-81777F52C05C}.Debug|x86.ActiveCfg = Debug|Win32
		{874177AC-8C53-404A-8B2D-81777F52C05C}.Debug|x86.Build.0 = Debug|Win32
		{874177AC-8C53-404A-8B2D-81777F52C05C}.Release|x64.ActiveCfg = Release|x64
		{874177AC-8C53-404A-8B2D-81777F52C05C}.Release|x64.Build.0 = Release|x64
		{874177AC-8C53-404A-8B2D-81777F52C05C}.Release|x86.ActiveCfg = Release|Win32
		{874177AC-8C53-404A-8B2D-81777F52C05C}.Release|x86.Build.0 = Release|Win32
		{61480A0D-7E8F-4FA0-BEC6-472BB3AC9FE6}.Debug|x64.ActiveCfg = Debug|x64
		{61480A0D-7E8F-4FA0-BEC6-472BB3AC9FE6}.Debug|x64.Build.0 = Debug|x64
		{61480A0D-7E8F-4FA0-BEC6-472BB3AC9FE6}.Debug|x86.ActiveCfg = Debug|Win32
		{61480A0D-7E8F-4FA0-BEC6-472BB3AC9FE6}.Debug|x86.Build.0 = Debug|Win32
		{61480A0D-7E8F-4FA0-BEC6-472BB3AC9FE6}.Release|x64.ActiveCfg = Release|x64
		{61480A0D-7E8F-4FA0-BEC6-472BB3AC9FE6}.Release|x64.Build.0 = Release|x64
		{61480A0D-7E8F-4FA0-BEC6-472BB3AC9FE6}.Release|x86.ActiveCfg = Release|Win32
		{61480A0D-7E8F-4FA0-BEC6-472BB3AC9FE6}.Release|x86.Build.0 = Release|Win32
		{B1DD3583-7409-4E2B-9946-BC761AB43EA4}.Debug|x64.ActiveCfg = Debug|x64
		{B1DD3583-7409-4E2B-9946-BC761AB43EA4}.Debug|x64.Build.0 = Debug|x64
		{B1DD3583-7409-4E2B-9946-BC761AB43EA4}.Debug|x86.ActiveCfg = Debug|Win32
		{B1DD3583-7409-4E2B-9946-BC761AB43EA4}.Debug|x86.Build.0 = Debug|Win32
		{B1DD3583-7409-4E2B-9946-BC761AB43EA4}.Release|x64.ActiveCfg = Release|x64
		{B1DD3583-7409-4E2B-9946-BC761AB43EA4}.Release|x64.Build.0 = Release|x64
		{B1DD3583-7409-4E2B-9946-BC761AB43EA4}.Release|x86.ActiveCfg = Release|Win32
		{B1DD3583-7409-4E2B-9946-BC761AB43EA4}.Release|x86.Build.0 = Release|Win32
		{3F3245DB-B73C-4F23-9BB7-99632FB33D0E}.Debug|x64.ActiveCfg = Debug|x64
		{3F3245DB-B73C-4F23-9BB7-99632FB33D0E}.Debug|x64.Build.0 = Debug|x64
		{3F3245DB-B73C-4F23-9BB7-99632FB33D0E}.Debug|x86.ActiveCfg = Debug|Win32
		{3F3245DB-B73C-4F23-9BB7-99632FB33D0E}.Debug|x86.Build.0 = Debug|Win32
		{3F3245DB-B73C-4F23-9BB7-99632FB33D0E}.Release|x64.ActiveCfg = Release|x64
		{3F3245DB-B73C-4F23-9BB7-99632FB33D0E}.Release|x64.Build.0 = Release|x64
		{3F3245DB-B73C-4F23-9BB7-99632FB33D0E}.Release|x86.ActiveCfg = Release|Win32
		{3F3245DB-B73C-4F23-9BB7-99632FB33D0E}.Release|x86.Build.0 = Release|Win32
		{0D0DCCD8-724E-4152-BC1C-ECE80AAE043A}.Debug|x64.ActiveCfg = Debug|x64
		{0D0DCCD8-724E-4152-BC1C-ECE80AAE043A}.Debug|x64.Build.0 = Debug|x64
		{0D0DCCD8-724E-4152-BC1C-ECE80AAE043A}.Debug|x86.ActiveCfg = Debug|Win32
		{0D0DCCD8-724E-4152-BC1C-ECE80AAE043A}.Debug|x86.Build.0 = Debug|Win32
		{0D0DCCD8-724E-4152-BC1C-ECE80AAE043A}.Release|x64.ActiveCfg = Release|x64
		{0D0DCCD8-724E-4152-BC1C-ECE80AAE043A}.Release|x64.Build.0 = Release|x64
		{0D0DCCD8-724E-4152-BC1C-ECE80AAE043A}.Release|x86.ActiveCfg = Release|Win32
		{0D0DCCD8-724E-4152-BC1C-ECE80AAE043A}.Release|x86.Build.0 = Release|Win32
		{9B25F2B1-22D5-4FBD-874D-41FE1A2EAA5E}.Debug|x64.ActiveCfg = Debug|x64
		{9B25F2B1-22D5-4FBD-874D-41FE1A2EAA5E}.Debug|x64.Build.0 = Debug|x64
		{9B25F2B1-22D5-4FBD-874D-41FE1A2EAA5E}.Debug|x86.ActiveCfg = Debug|Win32
		{9B25F2B1-22D5-4FBD-874D-41FE1A2EAA5E}.Debug|x86.Build.0 = Debug|Win32
		{9B25F2B1-22D5-4FBD-874D-41FE1A2EAA5E}.Release|x64.ActiveCfg = Release|x64
		{9B25F2B1-22D5-4FBD-874D-41FE1A2EAA5E}.Release|x64.Build.0 = Release|x64
		{9B25F2B1-22D5-4FBD-874D-41FE1A2EAA5E}.Release|x86.ActiveCfg = Release|Win32
		{9B25F2B1-22D5-4FBD-874D-41FE1A2EAA5E}.Release|x86.Build.0 = Release|Win32
		{B02226DB-8E23-4E5C-BE50-097E1DBB1057}.Debug|x64.ActiveCfg = Debug|x64
		{B02226DB-8E23-4E5C-BE50-097E1DBB1057}.Debug|x64.Build.0 = Debug|x64
		{B02226DB-8E23-4E5C-BE50-097E1DBB1057}.Debug|x86.ActiveCfg = Debug|Win32
		{B02226DB-8E23-4E5C-BE50-097E1DBB1057}.Debug|x86.Build.0 = Debug|Win32
		{B02226DB-8E23-4E5C-BE50-097E1DBB1057}.Release|x64.ActiveCfg = Release|x64
		{B02226DB-8E23-4E5C-BE50-097E1DBB1057}.Release|x64.Build.0 = Release|x64
		{B02226DB-8E23-4E5C-BE50-097E1DBB1057}.Release|x86.ActiveCfg = Release|Win32
		{B02226DB-8E23-4E5C-BE50-097E1DBB1057}.Release|x86.Build.0 = Release|Win32
		{0082D2D9-9333-42D7-9900-29E8EC5F470E}.Debug|x64.ActiveCfg = Debug|x64
		{0082D2D9-9333-42D7-9900-29E8EC5F470E}.Debug|x64.Build.0 = Debug|x64
		{0082D2D9-9333-42D7-9900-29E8EC5F470E}.Debug|x86.ActiveCfg = Debug|Win32
		{0082D2D9-9333-42D7-9900-29E8EC5F470E}.Debug|x86.Build.0 = Debug|Win32
		{0082D2D9-9333-42D7-9900-29E8EC5F470E}.Release|x64.ActiveCfg = Release|x64
		{0082D2D9-9333-42D7-9900-29E8EC5F470E}.Release|x64.Build.0 = Release|x64
		{0082D2D9-9333-42D7-9900-29E8EC5F470E}.Release|x86.ActiveCfg = Release|Win32
		{0082D2D9-9333-42D7-9900-29E8EC5F470E}.Release|x86.Build.0 = Release|Win32
	EndGlobalSection
	GlobalSection(SolutionProperties) = preSolution
		HideSolutionNode = FALSE
	EndGlobalSection
	GlobalSection(ExtensibilityGlobals) = postSolution
		SolutionGuid = {2B3073DD-9AE9-46C5-87A2-503178BC7C4E}
	EndGlobalSection
EndGlobal
